
Microsoft Visual Studio Solution File, Format Version 12.00
# Visual Studio 15
VisualStudioVersion = 15.0.26730.16
MinimumVisualStudioVersion = 10.0.40219.1
Project("{9A19103F-16F7-4668-BE54-9A1E7A4F7556}") = "proto-insight", "proto-insight\proto-insight.csproj", "{A3ED5C9A-0241-4107-BEE5-D087E81B0091}"
EndProject
Project("{FAE04EC0-301F-11D3-BF4B-00C04F79EFBC}") = "proto-contract", "..\proto-contract\proto-contract.csproj", "{ACDD0497-22C9-4A86-9D17-AD57A240A389}"
EndProject
Project("{FAE04EC0-301F-11D3-BF4B-00C04F79EFBC}") = "proto-domain", "..\proto-domain\proto-domain.csproj", "{D49C6DB8-C5BF-42AF-AF1E-56A31BBC8A74}"
EndProject
Global
	GlobalSection(SolutionConfigurationPlatforms) = preSolution
		Debug|Any CPU = Debug|Any CPU
		Release|Any CPU = Release|Any CPU
	EndGlobalSection
	GlobalSection(ProjectConfigurationPlatforms) = postSolution
		{A3ED5C9A-0241-4107-BEE5-D087E81B0091}.Debug|Any CPU.ActiveCfg = Debug|Any CPU
		{A3ED5C9A-0241-4107-BEE5-D087E81B0091}.Debug|Any CPU.Build.0 = Debug|Any CPU
		{A3ED5C9A-0241-4107-BEE5-D087E81B0091}.Release|Any CPU.ActiveCfg = Release|Any CPU
		{A3ED5C9A-0241-4107-BEE5-D087E81B0091}.Release|Any CPU.Build.0 = Release|Any CPU
		{ACDD0497-22C9-4A86-9D17-AD57A240A389}.Debug|Any CPU.ActiveCfg = Debug|Any CPU
		{ACDD0497-22C9-4A86-9D17-AD57A240A389}.Debug|Any CPU.Build.0 = Debug|Any CPU
		{ACDD0497-22C9-4A86-9D17-AD57A240A389}.Release|Any CPU.ActiveCfg = Release|Any CPU
		{ACDD0497-22C9-4A86-9D17-AD57A240A389}.Release|Any CPU.Build.0 = Release|Any CPU
		{D49C6DB8-C5BF-42AF-AF1E-56A31BBC8A74}.Debug|Any CPU.ActiveCfg = Debug|Any CPU
		{D49C6DB8-C5BF-42AF-AF1E-56A31BBC8A74}.Debug|Any CPU.Build.0 = Debug|Any CPU
		{D49C6DB8-C5BF-42AF-AF1E-56A31BBC8A74}.Release|Any CPU.ActiveCfg = Release|Any CPU
		{D49C6DB8-C5BF-42AF-AF1E-56A31BBC8A74}.Release|Any CPU.Build.0 = Release|Any CPU
	EndGlobalSection
	GlobalSection(SolutionProperties) = preSolution
		HideSolutionNode = FALSE
	EndGlobalSection
	GlobalSection(ExtensibilityGlobals) = postSolution
		SolutionGuid = {BDEC63DC-FB59-48B5-915D-E73DCAA13F59}
	EndGlobalSection
EndGlobal
